
Microsoft Visual Studio Solution File, Format Version 12.00
# Visual Studio Version 17
VisualStudioVersion = 17.4.33213.308
MinimumVisualStudioVersion = 10.0.40219.1
Project("{FAE04EC0-301F-11D3-BF4B-00C04F79EFBC}") = "ConsoleApp1", "ConsoleApp1\ConsoleApp1.csproj", "{CC8D2639-603E-4A1B-B50A-AE1811A2BC03}"
EndProject
Global
	GlobalSection(SolutionConfigurationPlatforms) = preSolution
		Debug|Any CPU = Debug|Any CPU
		Release|Any CPU = Release|Any CPU
	EndGlobalSection
	GlobalSection(ProjectConfigurationPlatforms) = postSolution
		{CC8D2639-603E-4A1B-B50A-AE1811A2BC03}.Debug|Any CPU.ActiveCfg = Debug|Any CPU
		{CC8D2639-603E-4A1B-B50A-AE1811A2BC03}.Debug|Any CPU.Build.0 = Debug|Any CPU
		{CC8D2639-603E-4A1B-B50A-AE1811A2BC03}.Release|Any CPU.ActiveCfg = Release|Any CPU
		{CC8D2639-603E-4A1B-B50A-AE1811A2BC03}.Release|Any CPU.Build.0 = Release|Any CPU
	EndGlobalSection
	GlobalSection(SolutionProperties) = preSolution
		HideSolutionNode = FALSE
	EndGlobalSection
	GlobalSection(ExtensibilityGlobals) = postSolution
		SolutionGuid = {BC6B4B79-F51C-472C-99FA-28AA52238C3D}
	EndGlobalSection
EndGlobal
